
Microsoft Visual Studio Solution File, Format Version 12.00
# Visual Studio Version 17
VisualStudioVersion = 17.5.33516.290
MinimumVisualStudioVersion = 10.0.40219.1
Project("{FAE04EC0-301F-11D3-BF4B-00C04F79EFBC}") = "APIMysql", "APIMysql\APIMysql.csproj", "{7DF6D682-87CD-484B-9789-B02BF8D92438}"
EndProject
Global
	GlobalSection(SolutionConfigurationPlatforms) = preSolution
		Debug|Any CPU = Debug|Any CPU
		Release|Any CPU = Release|Any CPU
	EndGlobalSection
	GlobalSection(ProjectConfigurationPlatforms) = postSolution
		{7DF6D682-87CD-484B-9789-B02BF8D92438}.Debug|Any CPU.ActiveCfg = Debug|Any CPU
		{7DF6D682-87CD-484B-9789-B02BF8D92438}.Debug|Any CPU.Build.0 = Debug|Any CPU
		{7DF6D682-87CD-484B-9789-B02BF8D92438}.Release|Any CPU.ActiveCfg = Release|Any CPU
		{7DF6D682-87CD-484B-9789-B02BF8D92438}.Release|Any CPU.Build.0 = Release|Any CPU
	EndGlobalSection
	GlobalSection(SolutionProperties) = preSolution
		HideSolutionNode = FALSE
	EndGlobalSection
	GlobalSection(ExtensibilityGlobals) = postSolution
		SolutionGuid = {25339CA1-1BB5-4704-81D5-563F81943A33}
	EndGlobalSection
EndGlobal
